
Microsoft Visual Studio Solution File, Format Version 12.00
# Visual Studio Version 16
VisualStudioVersion = 16.0.30717.126
MinimumVisualStudioVersion = 10.0.40219.1
Project("{2150E333-8FDC-42A3-9474-1A3956D46DE8}") = "Web", "Web", "{B5711368-B791-4905-BFAF-E4B3F8A3243B}"
EndProject
Project("{2150E333-8FDC-42A3-9474-1A3956D46DE8}") = "Data", "Data", "{A2E552B5-A295-45E9-9561-AA128E9665D8}"
EndProject
Project("{9A19103F-16F7-4668-BE54-9A1E7A4F7556}") = "HCM.Data", "HCM.Data\HCM.Data.csproj", "{58ECD4C1-D24B-4094-A113-3AED65939D4F}"
EndProject
Project("{9A19103F-16F7-4668-BE54-9A1E7A4F7556}") = "HCM.Data.Models", "HCM.Data.Models\HCM.Data.Models.csproj", "{C16522C7-C15E-4FB8-BFA6-559E4314D542}"
EndProject
Project("{9A19103F-16F7-4668-BE54-9A1E7A4F7556}") = "HCM.Data.Common", "HCM.Data.Common\HCM.Data.Common.csproj", "{A6B0DF23-967B-4C4C-BDED-E93CF8EBDBEA}"
EndProject
Project("{2150E333-8FDC-42A3-9474-1A3956D46DE8}") = "Services", "Services", "{DB706D96-D26C-49F1-B703-B270FB3FEBF3}"
EndProject
Project("{9A19103F-16F7-4668-BE54-9A1E7A4F7556}") = "HCM.Services", "HCM.Services\HCM.Services.csproj", "{D8A6E697-2FA9-474B-BB98-F3E1C276AFF9}"
EndProject
Project("{9A19103F-16F7-4668-BE54-9A1E7A4F7556}") = "HCM.Web", "HCM.Web\HCM.Web.csproj", "{EDDC4A49-31EF-4A97-BDCA-B12E7F75F039}"
EndProject
Project("{9A19103F-16F7-4668-BE54-9A1E7A4F7556}") = "HCM.Web.ViewModels", "HCM.Web.ViewModels\HCM.Web.ViewModels.csproj", "{A65BB5C8-B25D-451B-A29C-51782A1F87A8}"
EndProject
Project("{2150E333-8FDC-42A3-9474-1A3956D46DE8}") = "Apis", "Apis", "{AD015D0B-5C8A-4C80-BF43-35A26B2BF9D2}"
EndProject
Project("{FAE04EC0-301F-11D3-BF4B-00C04F79EFBC}") = "HCM.Apis.GoogleDriveForDevelopers", "HCM.Apis.GoogleDriveForDevelopers\HCM.Apis.GoogleDriveForDevelopers.csproj", "{C7025E87-58CC-4419-8D7E-57E026A2D654}"
EndProject
Global
	GlobalSection(SolutionConfigurationPlatforms) = preSolution
		Debug|Any CPU = Debug|Any CPU
		Release|Any CPU = Release|Any CPU
	EndGlobalSection
	GlobalSection(ProjectConfigurationPlatforms) = postSolution
		{58ECD4C1-D24B-4094-A113-3AED65939D4F}.Debug|Any CPU.ActiveCfg = Debug|Any CPU
		{58ECD4C1-D24B-4094-A113-3AED65939D4F}.Debug|Any CPU.Build.0 = Debug|Any CPU
		{58ECD4C1-D24B-4094-A113-3AED65939D4F}.Release|Any CPU.ActiveCfg = Release|Any CPU
		{58ECD4C1-D24B-4094-A113-3AED65939D4F}.Release|Any CPU.Build.0 = Release|Any CPU
		{C16522C7-C15E-4FB8-BFA6-559E4314D542}.Debug|Any CPU.ActiveCfg = Debug|Any CPU
		{C16522C7-C15E-4FB8-BFA6-559E4314D542}.Debug|Any CPU.Build.0 = Debug|Any CPU
		{C16522C7-C15E-4FB8-BFA6-559E4314D542}.Release|Any CPU.ActiveCfg = Release|Any CPU
		{C16522C7-C15E-4FB8-BFA6-559E4314D542}.Release|Any CPU.Build.0 = Release|Any CPU
		{A6B0DF23-967B-4C4C-BDED-E93CF8EBDBEA}.Debug|Any CPU.ActiveCfg = Debug|Any CPU
		{A6B0DF23-967B-4C4C-BDED-E93CF8EBDBEA}.Debug|Any CPU.Build.0 = Debug|Any CPU
		{A6B0DF23-967B-4C4C-BDED-E93CF8EBDBEA}.Release|Any CPU.ActiveCfg = Release|Any CPU
		{A6B0DF23-967B-4C4C-BDED-E93CF8EBDBEA}.Release|Any CPU.Build.0 = Release|Any CPU
		{D8A6E697-2FA9-474B-BB98-F3E1C276AFF9}.Debug|Any CPU.ActiveCfg = Debug|Any CPU
		{D8A6E697-2FA9-474B-BB98-F3E1C276AFF9}.Debug|Any CPU.Build.0 = Debug|Any CPU
		{D8A6E697-2FA9-474B-BB98-F3E1C276AFF9}.Release|Any CPU.ActiveCfg = Release|Any CPU
		{D8A6E697-2FA9-474B-BB98-F3E1C276AFF9}.Release|Any CPU.Build.0 = Release|Any CPU
		{EDDC4A49-31EF-4A97-BDCA-B12E7F75F039}.Debug|Any CPU.ActiveCfg = Debug|Any CPU
		{EDDC4A49-31EF-4A97-BDCA-B12E7F75F039}.Debug|Any CPU.Build.0 = Debug|Any CPU
		{EDDC4A49-31EF-4A97-BDCA-B12E7F75F039}.Release|Any CPU.ActiveCfg = Release|Any CPU
		{EDDC4A49-31EF-4A97-BDCA-B12E7F75F039}.Release|Any CPU.Build.0 = Release|Any CPU
		{A65BB5C8-B25D-451B-A29C-51782A1F87A8}.Debug|Any CPU.ActiveCfg = Debug|Any CPU
		{A65BB5C8-B25D-451B-A29C-51782A1F87A8}.Debug|Any CPU.Build.0 = Debug|Any CPU
		{A65BB5C8-B25D-451B-A29C-51782A1F87A8}.Release|Any CPU.ActiveCfg = Release|Any CPU
		{A65BB5C8-B25D-451B-A29C-51782A1F87A8}.Release|Any CPU.Build.0 = Release|Any CPU
		{C7025E87-58CC-4419-8D7E-57E026A2D654}.Debug|Any CPU.ActiveCfg = Debug|Any CPU
		{C7025E87-58CC-4419-8D7E-57E026A2D654}.Debug|Any CPU.Build.0 = Debug|Any CPU
		{C7025E87-58CC-4419-8D7E-57E026A2D654}.Release|Any CPU.ActiveCfg = Release|Any CPU
		{C7025E87-58CC-4419-8D7E-57E026A2D654}.Release|Any CPU.Build.0 = Release|Any CPU
	EndGlobalSection
	GlobalSection(SolutionProperties) = preSolution
		HideSolutionNode = FALSE
	EndGlobalSection
	GlobalSection(NestedProjects) = preSolution
		{58ECD4C1-D24B-4094-A113-3AED65939D4F} = {A2E552B5-A295-45E9-9561-AA128E9665D8}
		{C16522C7-C15E-4FB8-BFA6-559E4314D542} = {A2E552B5-A295-45E9-9561-AA128E9665D8}
		{A6B0DF23-967B-4C4C-BDED-E93CF8EBDBEA} = {A2E552B5-A295-45E9-9561-AA128E9665D8}
		{D8A6E697-2FA9-474B-BB98-F3E1C276AFF9} = {DB706D96-D26C-49F1-B703-B270FB3FEBF3}
		{EDDC4A49-31EF-4A97-BDCA-B12E7F75F039} = {B5711368-B791-4905-BFAF-E4B3F8A3243B}
		{C7025E87-58CC-4419-8D7E-57E026A2D654} = {AD015D0B-5C8A-4C80-BF43-35A26B2BF9D2}
	EndGlobalSection
	GlobalSection(ExtensibilityGlobals) = postSolution
		SolutionGuid = {34921E10-BCF1-495F-A3BE-2C0F6473DAF4}
	EndGlobalSection
EndGlobal
